
Microsoft Visual Studio Solution File, Format Version 12.00
# Visual Studio 15
VisualStudioVersion = 15.0.28307.329
MinimumVisualStudioVersion = 10.0.40219.1
Project("{FAE04EC0-301F-11D3-BF4B-00C04F79EFBC}") = "Sistema", "Sistema\Sistema.csproj", "{726D9273-AB1A-4C0B-B8DD-479C886EEC9A}"
EndProject
Global
	GlobalSection(SolutionConfigurationPlatforms) = preSolution
		Debug|Any CPU = Debug|Any CPU
		Release|Any CPU = Release|Any CPU
	EndGlobalSection
	GlobalSection(ProjectConfigurationPlatforms) = postSolution
		{726D9273-AB1A-4C0B-B8DD-479C886EEC9A}.Debug|Any CPU.ActiveCfg = Debug|Any CPU
		{726D9273-AB1A-4C0B-B8DD-479C886EEC9A}.Debug|Any CPU.Build.0 = Debug|Any CPU
		{726D9273-AB1A-4C0B-B8DD-479C886EEC9A}.Release|Any CPU.ActiveCfg = Release|Any CPU
		{726D9273-AB1A-4C0B-B8DD-479C886EEC9A}.Release|Any CPU.Build.0 = Release|Any CPU
	EndGlobalSection
	GlobalSection(SolutionProperties) = preSolution
		HideSolutionNode = FALSE
	EndGlobalSection
	GlobalSection(ExtensibilityGlobals) = postSolution
		SolutionGuid = {FB3E2FC2-827D-45C0-9A7C-EB381CDF3BAD}
	EndGlobalSection
EndGlobal
